// !$*UTF8*$!
{
	archiveVersion = 1;
	classes = {
	};
	objectVersion = 50;
	objects = {

/* Begin PBXBuildFile section */
		11FF7AAF237FF0C400882EF0 /* AppDelegate.swift in Sources */ = {isa = PBXBuildFile; fileRef = 11FF7AAE237FF0C400882EF0 /* AppDelegate.swift */; };
		11FF7AB6237FF0C500882EF0 /* Assets.xcassets in Resources */ = {isa = PBXBuildFile; fileRef = 11FF7AB5237FF0C500882EF0 /* Assets.xcassets */; };
		11FF7AB9237FF0C500882EF0 /* LaunchScreen.storyboard in Resources */ = {isa = PBXBuildFile; fileRef = 11FF7AB7237FF0C500882EF0 /* LaunchScreen.storyboard */; };
		11FF7AC1237FF0EF00882EF0 /* BaseTabBarController.swift in Sources */ = {isa = PBXBuildFile; fileRef = 11FF7AC0237FF0EF00882EF0 /* BaseTabBarController.swift */; };
		11FF7AC92380014300882EF0 /* GeneralPeopleCollectionView.swift in Sources */ = {isa = PBXBuildFile; fileRef = 11FF7AC82380014300882EF0 /* GeneralPeopleCollectionView.swift */; };
		11FF7ACD238007D300882EF0 /* PeopleCollectionViewCell.swift in Sources */ = {isa = PBXBuildFile; fileRef = 11FF7ACC238007D300882EF0 /* PeopleCollectionViewCell.swift */; };
		11FF7ACF238008FC00882EF0 /* SpendingsTableViewCell.swift in Sources */ = {isa = PBXBuildFile; fileRef = 11FF7ACE238008FC00882EF0 /* SpendingsTableViewCell.swift */; };
		40A444E3237FFCAE003EF9D9 /* ManagerVC.swift in Sources */ = {isa = PBXBuildFile; fileRef = 40A444E2237FFCAE003EF9D9 /* ManagerVC.swift */; };
		40A444E5237FFCB8003EF9D9 /* AccountVC.swift in Sources */ = {isa = PBXBuildFile; fileRef = 40A444E4237FFCB8003EF9D9 /* AccountVC.swift */; };
		40A444E7237FFCC2003EF9D9 /* SpendingsVC.swift in Sources */ = {isa = PBXBuildFile; fileRef = 40A444E6237FFCC2003EF9D9 /* SpendingsVC.swift */; };
		E663D4D3238003FB0073ADC2 /* AccountViewCell.swift in Sources */ = {isa = PBXBuildFile; fileRef = E663D4D2238003FB0073ADC2 /* AccountViewCell.swift */; };
		E663D4D523802ECB0073ADC2 /* SpendingsTableViewController.swift in Sources */ = {isa = PBXBuildFile; fileRef = E663D4D423802ECB0073ADC2 /* SpendingsTableViewController.swift */; };
		E663D4D723802FF70073ADC2 /* CircleView.swift in Sources */ = {isa = PBXBuildFile; fileRef = E663D4D623802FF60073ADC2 /* CircleView.swift */; };
		E663D4D923802FFF0073ADC2 /* SpensingNumbers.swift in Sources */ = {isa = PBXBuildFile; fileRef = E663D4D823802FFF0073ADC2 /* SpensingNumbers.swift */; };
		E663D4DB238030060073ADC2 /* StatisticViewController.swift in Sources */ = {isa = PBXBuildFile; fileRef = E663D4DA238030050073ADC2 /* StatisticViewController.swift */; };
		E663D4DD238030A80073ADC2 /* SpendingsEnum.swift in Sources */ = {isa = PBXBuildFile; fileRef = E663D4DC238030A70073ADC2 /* SpendingsEnum.swift */; };
/* End PBXBuildFile section */

/* Begin PBXFileReference section */
		11FF7AAB237FF0C400882EF0 /* hackaton-sberbank.app */ = {isa = PBXFileReference; explicitFileType = wrapper.application; includeInIndex = 0; path = "hackaton-sberbank.app"; sourceTree = BUILT_PRODUCTS_DIR; };
		11FF7AAE237FF0C400882EF0 /* AppDelegate.swift */ = {isa = PBXFileReference; lastKnownFileType = sourcecode.swift; path = AppDelegate.swift; sourceTree = "<group>"; };
		11FF7AB5237FF0C500882EF0 /* Assets.xcassets */ = {isa = PBXFileReference; lastKnownFileType = folder.assetcatalog; path = Assets.xcassets; sourceTree = "<group>"; };
		11FF7AB8237FF0C500882EF0 /* Base */ = {isa = PBXFileReference; lastKnownFileType = file.storyboard; name = Base; path = Base.lproj/LaunchScreen.storyboard; sourceTree = "<group>"; };
		11FF7ABA237FF0C500882EF0 /* Info.plist */ = {isa = PBXFileReference; lastKnownFileType = text.plist.xml; path = Info.plist; sourceTree = "<group>"; };
		11FF7AC0237FF0EF00882EF0 /* BaseTabBarController.swift */ = {isa = PBXFileReference; lastKnownFileType = sourcecode.swift; path = BaseTabBarController.swift; sourceTree = "<group>"; };
		11FF7AC82380014300882EF0 /* GeneralPeopleCollectionView.swift */ = {isa = PBXFileReference; lastKnownFileType = sourcecode.swift; path = GeneralPeopleCollectionView.swift; sourceTree = "<group>"; };
		11FF7ACC238007D300882EF0 /* PeopleCollectionViewCell.swift */ = {isa = PBXFileReference; lastKnownFileType = sourcecode.swift; path = PeopleCollectionViewCell.swift; sourceTree = "<group>"; };
		11FF7ACE238008FC00882EF0 /* SpendingsTableViewCell.swift */ = {isa = PBXFileReference; lastKnownFileType = sourcecode.swift; path = SpendingsTableViewCell.swift; sourceTree = "<group>"; };
		40A444E2237FFCAE003EF9D9 /* ManagerVC.swift */ = {isa = PBXFileReference; lastKnownFileType = sourcecode.swift; path = ManagerVC.swift; sourceTree = "<group>"; };
		40A444E4237FFCB8003EF9D9 /* AccountVC.swift */ = {isa = PBXFileReference; lastKnownFileType = sourcecode.swift; path = AccountVC.swift; sourceTree = "<group>"; };
		40A444E6237FFCC2003EF9D9 /* SpendingsVC.swift */ = {isa = PBXFileReference; lastKnownFileType = sourcecode.swift; path = SpendingsVC.swift; sourceTree = "<group>"; };
		E663D4D2238003FB0073ADC2 /* AccountViewCell.swift */ = {isa = PBXFileReference; lastKnownFileType = sourcecode.swift; path = AccountViewCell.swift; sourceTree = "<group>"; };
		E663D4D423802ECB0073ADC2 /* SpendingsTableViewController.swift */ = {isa = PBXFileReference; lastKnownFileType = sourcecode.swift; path = SpendingsTableViewController.swift; sourceTree = "<group>"; };
		E663D4D623802FF60073ADC2 /* CircleView.swift */ = {isa = PBXFileReference; fileEncoding = 4; lastKnownFileType = sourcecode.swift; path = CircleView.swift; sourceTree = "<group>"; };
		E663D4D823802FFF0073ADC2 /* SpensingNumbers.swift */ = {isa = PBXFileReference; fileEncoding = 4; lastKnownFileType = sourcecode.swift; path = SpensingNumbers.swift; sourceTree = "<group>"; };
		E663D4DA238030050073ADC2 /* StatisticViewController.swift */ = {isa = PBXFileReference; fileEncoding = 4; lastKnownFileType = sourcecode.swift; path = StatisticViewController.swift; sourceTree = "<group>"; };
		E663D4DC238030A70073ADC2 /* SpendingsEnum.swift */ = {isa = PBXFileReference; fileEncoding = 4; lastKnownFileType = sourcecode.swift; path = SpendingsEnum.swift; sourceTree = "<group>"; };
/* End PBXFileReference section */

/* Begin PBXFrameworksBuildPhase section */
		11FF7AA8237FF0C400882EF0 /* Frameworks */ = {
			isa = PBXFrameworksBuildPhase;
			buildActionMask = 2147483647;
			files = (
			);
			runOnlyForDeploymentPostprocessing = 0;
		};
/* End PBXFrameworksBuildPhase section */

/* Begin PBXGroup section */
		11FF7AA2237FF0C400882EF0 = {
			isa = PBXGroup;
			children = (
				11FF7AAD237FF0C400882EF0 /* hackaton-sberbank */,
				11FF7AAC237FF0C400882EF0 /* Products */,
			);
			sourceTree = "<group>";
		};
		11FF7AAC237FF0C400882EF0 /* Products */ = {
			isa = PBXGroup;
			children = (
				11FF7AAB237FF0C400882EF0 /* hackaton-sberbank.app */,
			);
			name = Products;
			sourceTree = "<group>";
		};
		11FF7AAD237FF0C400882EF0 /* hackaton-sberbank */ = {
			isa = PBXGroup;
			children = (
				11FF7AC2237FF17200882EF0 /* Model */,
				11FF7AC3237FF17600882EF0 /* Scenes */,
				11FF7AC4237FF18900882EF0 /* RootVC */,
				11FF7AC5237FF19000882EF0 /* Supporting Files */,
				11FF7ABA237FF0C500882EF0 /* Info.plist */,
			);
			path = "hackaton-sberbank";
			sourceTree = "<group>";
		};
		11FF7AC2237FF17200882EF0 /* Model */ = {
			isa = PBXGroup;
			children = (
				E663D4DC238030A70073ADC2 /* SpendingsEnum.swift */,
				E663D4D823802FFF0073ADC2 /* SpensingNumbers.swift */,
			);
			path = Model;
			sourceTree = "<group>";
		};
		11FF7AC3237FF17600882EF0 /* Scenes */ = {
			isa = PBXGroup;
			children = (
				40A444E1237FFC56003EF9D9 /* Manager */,
				40A444E0237FFC46003EF9D9 /* Account */,
				40A444DF237FFC17003EF9D9 /* Spendings */,
				40A444DE237FFAEF003EF9D9 /* Statistics */,
			);
			path = Scenes;
			sourceTree = "<group>";
		};
		11FF7AC4237FF18900882EF0 /* RootVC */ = {
			isa = PBXGroup;
			children = (
				11FF7AC0237FF0EF00882EF0 /* BaseTabBarController.swift */,
			);
			path = RootVC;
			sourceTree = "<group>";
		};
		11FF7AC5237FF19000882EF0 /* Supporting Files */ = {
			isa = PBXGroup;
			children = (
				11FF7AAE237FF0C400882EF0 /* AppDelegate.swift */,
				11FF7AB5237FF0C500882EF0 /* Assets.xcassets */,
				11FF7AB7237FF0C500882EF0 /* LaunchScreen.storyboard */,
			);
			path = "Supporting Files";
			sourceTree = "<group>";
		};
		40A444DE237FFAEF003EF9D9 /* Statistics */ = {
			isa = PBXGroup;
			children = (
				E663D4DA238030050073ADC2 /* StatisticViewController.swift */,
				E663D4D623802FF60073ADC2 /* CircleView.swift */,
			);
			path = Statistics;
			sourceTree = "<group>";
		};
		40A444DF237FFC17003EF9D9 /* Spendings */ = {
			isa = PBXGroup;
			children = (
				40A444E6237FFCC2003EF9D9 /* SpendingsVC.swift */,
			);
			path = Spendings;
			sourceTree = "<group>";
		};
		40A444E0237FFC46003EF9D9 /* Account */ = {
			isa = PBXGroup;
			children = (
				40A444E4237FFCB8003EF9D9 /* AccountVC.swift */,
				E663D4D2238003FB0073ADC2 /* AccountViewCell.swift */,
			);
			path = Account;
			sourceTree = "<group>";
		};
		40A444E1237FFC56003EF9D9 /* Manager */ = {
			isa = PBXGroup;
			children = (
				40A444E2237FFCAE003EF9D9 /* ManagerVC.swift */,
				11FF7ACE238008FC00882EF0 /* SpendingsTableViewCell.swift */,
				11FF7AC82380014300882EF0 /* GeneralPeopleCollectionView.swift */,
				11FF7ACC238007D300882EF0 /* PeopleCollectionViewCell.swift */,
				E663D4D423802ECB0073ADC2 /* SpendingsTableViewController.swift */,
			);
			path = Manager;
			sourceTree = "<group>";
		};
/* End PBXGroup section */

/* Begin PBXNativeTarget section */
		11FF7AAA237FF0C400882EF0 /* hackaton-sberbank */ = {
			isa = PBXNativeTarget;
			buildConfigurationList = 11FF7ABD237FF0C500882EF0 /* Build configuration list for PBXNativeTarget "hackaton-sberbank" */;
			buildPhases = (
				11FF7AA7237FF0C400882EF0 /* Sources */,
				11FF7AA8237FF0C400882EF0 /* Frameworks */,
				11FF7AA9237FF0C400882EF0 /* Resources */,
			);
			buildRules = (
			);
			dependencies = (
			);
			name = "hackaton-sberbank";
			productName = "hackaton-sberbank";
			productReference = 11FF7AAB237FF0C400882EF0 /* hackaton-sberbank.app */;
			productType = "com.apple.product-type.application";
		};
/* End PBXNativeTarget section */

/* Begin PBXProject section */
		11FF7AA3237FF0C400882EF0 /* Project object */ = {
			isa = PBXProject;
			attributes = {
				LastSwiftUpdateCheck = 1030;
				LastUpgradeCheck = 1030;
				ORGANIZATIONNAME = "Sberbank-hackaton";
				TargetAttributes = {
					11FF7AAA237FF0C400882EF0 = {
						CreatedOnToolsVersion = 10.3;
					};
				};
			};
			buildConfigurationList = 11FF7AA6237FF0C400882EF0 /* Build configuration list for PBXProject "hackaton-sberbank" */;
			compatibilityVersion = "Xcode 9.3";
			developmentRegion = en;
			hasScannedForEncodings = 0;
			knownRegions = (
				en,
				Base,
			);
			mainGroup = 11FF7AA2237FF0C400882EF0;
			productRefGroup = 11FF7AAC237FF0C400882EF0 /* Products */;
			projectDirPath = "";
			projectRoot = "";
			targets = (
				11FF7AAA237FF0C400882EF0 /* hackaton-sberbank */,
			);
		};
/* End PBXProject section */

/* Begin PBXResourcesBuildPhase section */
		11FF7AA9237FF0C400882EF0 /* Resources */ = {
			isa = PBXResourcesBuildPhase;
			buildActionMask = 2147483647;
			files = (
				11FF7AB9237FF0C500882EF0 /* LaunchScreen.storyboard in Resources */,
				11FF7AB6237FF0C500882EF0 /* Assets.xcassets in Resources */,
			);
			runOnlyForDeploymentPostprocessing = 0;
		};
/* End PBXResourcesBuildPhase section */

/* Begin PBXSourcesBuildPhase section */
		11FF7AA7237FF0C400882EF0 /* Sources */ = {
			isa = PBXSourcesBuildPhase;
			buildActionMask = 2147483647;
			files = (
				E663D4D723802FF70073ADC2 /* CircleView.swift in Sources */,
				E663D4DB238030060073ADC2 /* StatisticViewController.swift in Sources */,
				40A444E7237FFCC2003EF9D9 /* SpendingsVC.swift in Sources */,
				40A444E5237FFCB8003EF9D9 /* AccountVC.swift in Sources */,
				11FF7ACF238008FC00882EF0 /* SpendingsTableViewCell.swift in Sources */,
				11FF7AAF237FF0C400882EF0 /* AppDelegate.swift in Sources */,
				40A444E3237FFCAE003EF9D9 /* ManagerVC.swift in Sources */,
				E663D4D923802FFF0073ADC2 /* SpensingNumbers.swift in Sources */,
				11FF7AC1237FF0EF00882EF0 /* BaseTabBarController.swift in Sources */,
				11FF7AC92380014300882EF0 /* GeneralPeopleCollectionView.swift in Sources */,
				E663D4D523802ECB0073ADC2 /* SpendingsTableViewController.swift in Sources */,
				11FF7ACD238007D300882EF0 /* PeopleCollectionViewCell.swift in Sources */,
				E663D4DD238030A80073ADC2 /* SpendingsEnum.swift in Sources */,
				E663D4D3238003FB0073ADC2 /* AccountViewCell.swift in Sources */,
			);
			runOnlyForDeploymentPostprocessing = 0;
		};
/* End PBXSourcesBuildPhase section */

/* Begin PBXVariantGroup section */
		11FF7AB7237FF0C500882EF0 /* LaunchScreen.storyboard */ = {
			isa = PBXVariantGroup;
			children = (
				11FF7AB8237FF0C500882EF0 /* Base */,
			);
			name = LaunchScreen.storyboard;
			sourceTree = "<group>";
		};
/* End PBXVariantGroup section */

/* Begin XCBuildConfiguration section */
		11FF7ABB237FF0C500882EF0 /* Debug */ = {
			isa = XCBuildConfiguration;
			buildSettings = {
				ALWAYS_SEARCH_USER_PATHS = NO;
				CLANG_ANALYZER_NONNULL = YES;
				CLANG_ANALYZER_NUMBER_OBJECT_CONVERSION = YES_AGGRESSIVE;
				CLANG_CXX_LANGUAGE_STANDARD = "gnu++14";
				CLANG_CXX_LIBRARY = "libc++";
				CLANG_ENABLE_MODULES = YES;
				CLANG_ENABLE_OBJC_ARC = YES;
				CLANG_ENABLE_OBJC_WEAK = YES;
				CLANG_WARN_BLOCK_CAPTURE_AUTORELEASING = YES;
				CLANG_WARN_BOOL_CONVERSION = YES;
				CLANG_WARN_COMMA = YES;
				CLANG_WARN_CONSTANT_CONVERSION = YES;
				CLANG_WARN_DEPRECATED_OBJC_IMPLEMENTATIONS = YES;
				CLANG_WARN_DIRECT_OBJC_ISA_USAGE = YES_ERROR;
				CLANG_WARN_DOCUMENTATION_COMMENTS = YES;
				CLANG_WARN_EMPTY_BODY = YES;
				CLANG_WARN_ENUM_CONVERSION = YES;
				CLANG_WARN_INFINITE_RECURSION = YES;
				CLANG_WARN_INT_CONVERSION = YES;
				CLANG_WARN_NON_LITERAL_NULL_CONVERSION = YES;
				CLANG_WARN_OBJC_IMPLICIT_RETAIN_SELF = YES;
				CLANG_WARN_OBJC_LITERAL_CONVERSION = YES;
				CLANG_WARN_OBJC_ROOT_CLASS = YES_ERROR;
				CLANG_WARN_RANGE_LOOP_ANALYSIS = YES;
				CLANG_WARN_STRICT_PROTOTYPES = YES;
				CLANG_WARN_SUSPICIOUS_MOVE = YES;
				CLANG_WARN_UNGUARDED_AVAILABILITY = YES_AGGRESSIVE;
				CLANG_WARN_UNREACHABLE_CODE = YES;
				CLANG_WARN__DUPLICATE_METHOD_MATCH = YES;
				CODE_SIGN_IDENTITY = "iPhone Developer";
				COPY_PHASE_STRIP = NO;
				DEBUG_INFORMATION_FORMAT = dwarf;
				ENABLE_STRICT_OBJC_MSGSEND = YES;
				ENABLE_TESTABILITY = YES;
				GCC_C_LANGUAGE_STANDARD = gnu11;
				GCC_DYNAMIC_NO_PIC = NO;
				GCC_NO_COMMON_BLOCKS = YES;
				GCC_OPTIMIZATION_LEVEL = 0;
				GCC_PREPROCESSOR_DEFINITIONS = (
					"DEBUG=1",
					"$(inherited)",
				);
				GCC_WARN_64_TO_32_BIT_CONVERSION = YES;
				GCC_WARN_ABOUT_RETURN_TYPE = YES_ERROR;
				GCC_WARN_UNDECLARED_SELECTOR = YES;
				GCC_WARN_UNINITIALIZED_AUTOS = YES_AGGRESSIVE;
				GCC_WARN_UNUSED_FUNCTION = YES;
				GCC_WARN_UNUSED_VARIABLE = YES;
				IPHONEOS_DEPLOYMENT_TARGET = 12.4;
				MTL_ENABLE_DEBUG_INFO = INCLUDE_SOURCE;
				MTL_FAST_MATH = YES;
				ONLY_ACTIVE_ARCH = YES;
				SDKROOT = iphoneos;
				SWIFT_ACTIVE_COMPILATION_CONDITIONS = DEBUG;
				SWIFT_OPTIMIZATION_LEVEL = "-Onone";
			};
			name = Debug;
		};
		11FF7ABC237FF0C500882EF0 /* Release */ = {
			isa = XCBuildConfiguration;
			buildSettings = {
				ALWAYS_SEARCH_USER_PATHS = NO;
				CLANG_ANALYZER_NONNULL = YES;
				CLANG_ANALYZER_NUMBER_OBJECT_CONVERSION = YES_AGGRESSIVE;
				CLANG_CXX_LANGUAGE_STANDARD = "gnu++14";
				CLANG_CXX_LIBRARY = "libc++";
				CLANG_ENABLE_MODULES = YES;
				CLANG_ENABLE_OBJC_ARC = YES;
				CLANG_ENABLE_OBJC_WEAK = YES;
				CLANG_WARN_BLOCK_CAPTURE_AUTORELEASING = YES;
				CLANG_WARN_BOOL_CONVERSION = YES;
				CLANG_WARN_COMMA = YES;
				CLANG_WARN_CONSTANT_CONVERSION = YES;
				CLANG_WARN_DEPRECATED_OBJC_IMPLEMENTATIONS = YES;
				CLANG_WARN_DIRECT_OBJC_ISA_USAGE = YES_ERROR;
				CLANG_WARN_DOCUMENTATION_COMMENTS = YES;
				CLANG_WARN_EMPTY_BODY = YES;
				CLANG_WARN_ENUM_CONVERSION = YES;
				CLANG_WARN_INFINITE_RECURSION = YES;
				CLANG_WARN_INT_CONVERSION = YES;
				CLANG_WARN_NON_LITERAL_NULL_CONVERSION = YES;
				CLANG_WARN_OBJC_IMPLICIT_RETAIN_SELF = YES;
				CLANG_WARN_OBJC_LITERAL_CONVERSION = YES;
				CLANG_WARN_OBJC_ROOT_CLASS = YES_ERROR;
				CLANG_WARN_RANGE_LOOP_ANALYSIS = YES;
				CLANG_WARN_STRICT_PROTOTYPES = YES;
				CLANG_WARN_SUSPICIOUS_MOVE = YES;
				CLANG_WARN_UNGUARDED_AVAILABILITY = YES_AGGRESSIVE;
				CLANG_WARN_UNREACHABLE_CODE = YES;
				CLANG_WARN__DUPLICATE_METHOD_MATCH = YES;
				CODE_SIGN_IDENTITY = "iPhone Developer";
				COPY_PHASE_STRIP = NO;
				DEBUG_INFORMATION_FORMAT = "dwarf-with-dsym";
				ENABLE_NS_ASSERTIONS = NO;
				ENABLE_STRICT_OBJC_MSGSEND = YES;
				GCC_C_LANGUAGE_STANDARD = gnu11;
				GCC_NO_COMMON_BLOCKS = YES;
				GCC_WARN_64_TO_32_BIT_CONVERSION = YES;
				GCC_WARN_ABOUT_RETURN_TYPE = YES_ERROR;
				GCC_WARN_UNDECLARED_SELECTOR = YES;
				GCC_WARN_UNINITIALIZED_AUTOS = YES_AGGRESSIVE;
				GCC_WARN_UNUSED_FUNCTION = YES;
				GCC_WARN_UNUSED_VARIABLE = YES;
				IPHONEOS_DEPLOYMENT_TARGET = 12.4;
				MTL_ENABLE_DEBUG_INFO = NO;
				MTL_FAST_MATH = YES;
				SDKROOT = iphoneos;
				SWIFT_COMPILATION_MODE = wholemodule;
				SWIFT_OPTIMIZATION_LEVEL = "-O";
				VALIDATE_PRODUCT = YES;
			};
			name = Release;
		};
		11FF7ABE237FF0C500882EF0 /* Debug */ = {
			isa = XCBuildConfiguration;
			buildSettings = {
				ASSETCATALOG_COMPILER_APPICON_NAME = AppIcon;
				CODE_SIGN_STYLE = Automatic;
				DEVELOPMENT_TEAM = 46NZ6QG8YF;
				INFOPLIST_FILE = "hackaton-sberbank/Info.plist";
				LD_RUNPATH_SEARCH_PATHS = (
					"$(inherited)",
					"@executable_path/Frameworks",
				);
				PRODUCT_BUNDLE_IDENTIFIER = "com.alexander.hackaton-sberbank";
				PRODUCT_NAME = "$(TARGET_NAME)";
				SWIFT_VERSION = 5.0;
				TARGETED_DEVICE_FAMILY = "1,2";
			};
			name = Debug;
		};
		11FF7ABF237FF0C500882EF0 /* Release */ = {
			isa = XCBuildConfiguration;
			buildSettings = {
				ASSETCATALOG_COMPILER_APPICON_NAME = AppIcon;
				CODE_SIGN_STYLE = Automatic;
				DEVELOPMENT_TEAM = 46NZ6QG8YF;
				INFOPLIST_FILE = "hackaton-sberbank/Info.plist";
				LD_RUNPATH_SEARCH_PATHS = (
					"$(inherited)",
					"@executable_path/Frameworks",
				);
				PRODUCT_BUNDLE_IDENTIFIER = "com.alexander.hackaton-sberbank";
				PRODUCT_NAME = "$(TARGET_NAME)";
				SWIFT_VERSION = 5.0;
				TARGETED_DEVICE_FAMILY = "1,2";
			};
			name = Release;
		};
/* End XCBuildConfiguration section */

/* Begin XCConfigurationList section */
		11FF7AA6237FF0C400882EF0 /* Build configuration list for PBXProject "hackaton-sberbank" */ = {
			isa = XCConfigurationList;
			buildConfigurations = (
				11FF7ABB237FF0C500882EF0 /* Debug */,
				11FF7ABC237FF0C500882EF0 /* Release */,
			);
			defaultConfigurationIsVisible = 0;
			defaultConfigurationName = Release;
		};
		11FF7ABD237FF0C500882EF0 /* Build configuration list for PBXNativeTarget "hackaton-sberbank" */ = {
			isa = XCConfigurationList;
			buildConfigurations = (
				11FF7ABE237FF0C500882EF0 /* Debug */,
				11FF7ABF237FF0C500882EF0 /* Release */,
			);
			defaultConfigurationIsVisible = 0;
			defaultConfigurationName = Release;
		};
/* End XCConfigurationList section */
	};
	rootObject = 11FF7AA3237FF0C400882EF0 /* Project object */;
}
